
Microsoft Visual Studio Solution File, Format Version 12.00
Project("{FAE04EC0-301F-11D3-BF4B-00C04F79EFBC}") = "task.webapi", "task.webapi\task.webapi.csproj", "{01767F31-5C43-4B34-A58A-14422F89619F}"
EndProject
Project("{FAE04EC0-301F-11D3-BF4B-00C04F79EFBC}") = "task.bl", "task.bl\task.bl.csproj", "{3F9BCC15-7001-49C9-9335-1FA7CC2BCE12}"
EndProject
Project("{FAE04EC0-301F-11D3-BF4B-00C04F79EFBC}") = "task.db", "task.db\task.db.csproj", "{C39A5D8D-1D4B-4E84-93EF-88B17FD76258}"
EndProject
Project("{FAE04EC0-301F-11D3-BF4B-00C04F79EFBC}") = "task.bl.events", "task.bl.events\task.bl.events.csproj", "{618E8008-CB90-46C9-B1F4-AEFB8A20CFFA}"
EndProject
Project("{2150E333-8FDC-42A3-9474-1A3956D46DE8}") = "libs", "libs", "{3CFB6045-EC26-4DF0-B897-7D14A238E51C}"
EndProject
Project("{FAE04EC0-301F-11D3-BF4B-00C04F79EFBC}") = "popug.jwt", "..\libs\popug.jwt\popug.jwt.csproj", "{1E04EBC3-32C1-4581-BE8A-7CA428A83446}"
EndProject
Project("{FAE04EC0-301F-11D3-BF4B-00C04F79EFBC}") = "popug.webinfra", "..\libs\popug.webinfra\popug.webinfra.csproj", "{0235D557-28FC-47E0-AEAE-696397F92EF2}"
EndProject
Project("{FAE04EC0-301F-11D3-BF4B-00C04F79EFBC}") = "popug.sharedlibs", "..\libs\popug.sharedlibs\popug.sharedlibs.csproj", "{9DDA53FD-07DB-4A8B-8433-45718C8A4772}"
EndProject
Project("{FAE04EC0-301F-11D3-BF4B-00C04F79EFBC}") = "sso.bl.events", "..\sso\sso.bl.events\sso.bl.events.csproj", "{903BE489-DC0C-4B8F-BA78-F8F51C509E7D}"
EndProject
Global
	GlobalSection(SolutionConfigurationPlatforms) = preSolution
		Debug|Any CPU = Debug|Any CPU
		Release|Any CPU = Release|Any CPU
	EndGlobalSection
	GlobalSection(ProjectConfigurationPlatforms) = postSolution
		{01767F31-5C43-4B34-A58A-14422F89619F}.Debug|Any CPU.ActiveCfg = Debug|Any CPU
		{01767F31-5C43-4B34-A58A-14422F89619F}.Debug|Any CPU.Build.0 = Debug|Any CPU
		{01767F31-5C43-4B34-A58A-14422F89619F}.Release|Any CPU.ActiveCfg = Release|Any CPU
		{01767F31-5C43-4B34-A58A-14422F89619F}.Release|Any CPU.Build.0 = Release|Any CPU
		{3F9BCC15-7001-49C9-9335-1FA7CC2BCE12}.Debug|Any CPU.ActiveCfg = Debug|Any CPU
		{3F9BCC15-7001-49C9-9335-1FA7CC2BCE12}.Debug|Any CPU.Build.0 = Debug|Any CPU
		{3F9BCC15-7001-49C9-9335-1FA7CC2BCE12}.Release|Any CPU.ActiveCfg = Release|Any CPU
		{3F9BCC15-7001-49C9-9335-1FA7CC2BCE12}.Release|Any CPU.Build.0 = Release|Any CPU
		{C39A5D8D-1D4B-4E84-93EF-88B17FD76258}.Debug|Any CPU.ActiveCfg = Debug|Any CPU
		{C39A5D8D-1D4B-4E84-93EF-88B17FD76258}.Debug|Any CPU.Build.0 = Debug|Any CPU
		{C39A5D8D-1D4B-4E84-93EF-88B17FD76258}.Release|Any CPU.ActiveCfg = Release|Any CPU
		{C39A5D8D-1D4B-4E84-93EF-88B17FD76258}.Release|Any CPU.Build.0 = Release|Any CPU
		{618E8008-CB90-46C9-B1F4-AEFB8A20CFFA}.Debug|Any CPU.ActiveCfg = Debug|Any CPU
		{618E8008-CB90-46C9-B1F4-AEFB8A20CFFA}.Debug|Any CPU.Build.0 = Debug|Any CPU
		{618E8008-CB90-46C9-B1F4-AEFB8A20CFFA}.Release|Any CPU.ActiveCfg = Release|Any CPU
		{618E8008-CB90-46C9-B1F4-AEFB8A20CFFA}.Release|Any CPU.Build.0 = Release|Any CPU
		{1E04EBC3-32C1-4581-BE8A-7CA428A83446}.Debug|Any CPU.ActiveCfg = Debug|Any CPU
		{1E04EBC3-32C1-4581-BE8A-7CA428A83446}.Debug|Any CPU.Build.0 = Debug|Any CPU
		{1E04EBC3-32C1-4581-BE8A-7CA428A83446}.Release|Any CPU.ActiveCfg = Release|Any CPU
		{1E04EBC3-32C1-4581-BE8A-7CA428A83446}.Release|Any CPU.Build.0 = Release|Any CPU
		{0235D557-28FC-47E0-AEAE-696397F92EF2}.Debug|Any CPU.ActiveCfg = Debug|Any CPU
		{0235D557-28FC-47E0-AEAE-696397F92EF2}.Debug|Any CPU.Build.0 = Debug|Any CPU
		{0235D557-28FC-47E0-AEAE-696397F92EF2}.Release|Any CPU.ActiveCfg = Release|Any CPU
		{0235D557-28FC-47E0-AEAE-696397F92EF2}.Release|Any CPU.Build.0 = Release|Any CPU
		{9DDA53FD-07DB-4A8B-8433-45718C8A4772}.Debug|Any CPU.ActiveCfg = Debug|Any CPU
		{9DDA53FD-07DB-4A8B-8433-45718C8A4772}.Debug|Any CPU.Build.0 = Debug|Any CPU
		{9DDA53FD-07DB-4A8B-8433-45718C8A4772}.Release|Any CPU.ActiveCfg = Release|Any CPU
		{9DDA53FD-07DB-4A8B-8433-45718C8A4772}.Release|Any CPU.Build.0 = Release|Any CPU
		{903BE489-DC0C-4B8F-BA78-F8F51C509E7D}.Debug|Any CPU.ActiveCfg = Debug|Any CPU
		{903BE489-DC0C-4B8F-BA78-F8F51C509E7D}.Debug|Any CPU.Build.0 = Debug|Any CPU
		{903BE489-DC0C-4B8F-BA78-F8F51C509E7D}.Release|Any CPU.ActiveCfg = Release|Any CPU
		{903BE489-DC0C-4B8F-BA78-F8F51C509E7D}.Release|Any CPU.Build.0 = Release|Any CPU
	EndGlobalSection
	GlobalSection(NestedProjects) = preSolution
		{1E04EBC3-32C1-4581-BE8A-7CA428A83446} = {3CFB6045-EC26-4DF0-B897-7D14A238E51C}
		{0235D557-28FC-47E0-AEAE-696397F92EF2} = {3CFB6045-EC26-4DF0-B897-7D14A238E51C}
		{9DDA53FD-07DB-4A8B-8433-45718C8A4772} = {3CFB6045-EC26-4DF0-B897-7D14A238E51C}
		{903BE489-DC0C-4B8F-BA78-F8F51C509E7D} = {3CFB6045-EC26-4DF0-B897-7D14A238E51C}
	EndGlobalSection
EndGlobal
